
Microsoft Visual Studio Solution File, Format Version 12.00
# Visual Studio Version 16
VisualStudioVersion = 16.0.31005.135
MinimumVisualStudioVersion = 10.0.40219.1
Project("{FAE04EC0-301F-11D3-BF4B-00C04F79EFBC}") = "OOP_CA_Macintosh", "OOP_CA_Macintosh.csproj", "{D6ED1A96-30FD-45AE-A5E6-034B17ECC17A}"
EndProject
Global
	GlobalSection(SolutionConfigurationPlatforms) = preSolution
		Debug|Any CPU = Debug|Any CPU
		Release|Any CPU = Release|Any CPU
	EndGlobalSection
	GlobalSection(ProjectConfigurationPlatforms) = postSolution
		{D6ED1A96-30FD-45AE-A5E6-034B17ECC17A}.Debug|Any CPU.ActiveCfg = Debug|Any CPU
		{D6ED1A96-30FD-45AE-A5E6-034B17ECC17A}.Debug|Any CPU.Build.0 = Debug|Any CPU
		{D6ED1A96-30FD-45AE-A5E6-034B17ECC17A}.Release|Any CPU.ActiveCfg = Release|Any CPU
		{D6ED1A96-30FD-45AE-A5E6-034B17ECC17A}.Release|Any CPU.Build.0 = Release|Any CPU
	EndGlobalSection
	GlobalSection(SolutionProperties) = preSolution
		HideSolutionNode = FALSE
	EndGlobalSection
	GlobalSection(ExtensibilityGlobals) = postSolution
		SolutionGuid = {B09CD57D-E7CA-483F-8275-26D6BE26A4AD}
	EndGlobalSection
EndGlobal
